
Microsoft Visual Studio Solution File, Format Version 12.00
# Visual Studio 15
VisualStudioVersion = 15.0.28010.2026
MinimumVisualStudioVersion = 10.0.40219.1
Project("{FAE04EC0-301F-11D3-BF4B-00C04F79EFBC}") = "SE_RND", "SE_RND\SE_RND\SE_RND.csproj", "{37387856-1705-4D83-88DC-B1C66BFA1AE1}"
EndProject
Project("{FAE04EC0-301F-11D3-BF4B-00C04F79EFBC}") = "SE_RND.Droid", "SE_RND\SE_RND.Droid\SE_RND.Droid.csproj", "{068E6424-20EB-4BB2-A477-6ED271743A6F}"
EndProject
Project("{FAE04EC0-301F-11D3-BF4B-00C04F79EFBC}") = "SE_RND.iOS", "SE_RND\SE_RND.iOS\SE_RND.iOS.csproj", "{65E7AC30-DA93-426A-8CCE-13C730FDFA1F}"
EndProject
Global
	GlobalSection(SolutionConfigurationPlatforms) = preSolution
		Ad-Hoc|Any CPU = Ad-Hoc|Any CPU
		Ad-Hoc|iPhone = Ad-Hoc|iPhone
		Ad-Hoc|iPhoneSimulator = Ad-Hoc|iPhoneSimulator
		AppStore|Any CPU = AppStore|Any CPU
		AppStore|iPhone = AppStore|iPhone
		AppStore|iPhoneSimulator = AppStore|iPhoneSimulator
		Debug|Any CPU = Debug|Any CPU
		Debug|iPhone = Debug|iPhone
		Debug|iPhoneSimulator = Debug|iPhoneSimulator
		Release|Any CPU = Release|Any CPU
		Release|iPhone = Release|iPhone
		Release|iPhoneSimulator = Release|iPhoneSimulator
	EndGlobalSection
	GlobalSection(ProjectConfigurationPlatforms) = postSolution
		{37387856-1705-4D83-88DC-B1C66BFA1AE1}.Ad-Hoc|Any CPU.ActiveCfg = Release|Any CPU
		{37387856-1705-4D83-88DC-B1C66BFA1AE1}.Ad-Hoc|Any CPU.Build.0 = Release|Any CPU
		{37387856-1705-4D83-88DC-B1C66BFA1AE1}.Ad-Hoc|iPhone.ActiveCfg = Release|Any CPU
		{37387856-1705-4D83-88DC-B1C66BFA1AE1}.Ad-Hoc|iPhone.Build.0 = Release|Any CPU
		{37387856-1705-4D83-88DC-B1C66BFA1AE1}.Ad-Hoc|iPhoneSimulator.ActiveCfg = Release|Any CPU
		{37387856-1705-4D83-88DC-B1C66BFA1AE1}.Ad-Hoc|iPhoneSimulator.Build.0 = Release|Any CPU
		{37387856-1705-4D83-88DC-B1C66BFA1AE1}.AppStore|Any CPU.ActiveCfg = Release|Any CPU
		{37387856-1705-4D83-88DC-B1C66BFA1AE1}.AppStore|Any CPU.Build.0 = Release|Any CPU
		{37387856-1705-4D83-88DC-B1C66BFA1AE1}.AppStore|iPhone.ActiveCfg = Release|Any CPU
		{37387856-1705-4D83-88DC-B1C66BFA1AE1}.AppStore|iPhone.Build.0 = Release|Any CPU
		{37387856-1705-4D83-88DC-B1C66BFA1AE1}.AppStore|iPhoneSimulator.ActiveCfg = Release|Any CPU
		{37387856-1705-4D83-88DC-B1C66BFA1AE1}.AppStore|iPhoneSimulator.Build.0 = Release|Any CPU
		{37387856-1705-4D83-88DC-B1C66BFA1AE1}.Debug|Any CPU.ActiveCfg = Debug|Any CPU
		{37387856-1705-4D83-88DC-B1C66BFA1AE1}.Debug|Any CPU.Build.0 = Debug|Any CPU
		{37387856-1705-4D83-88DC-B1C66BFA1AE1}.Debug|iPhone.ActiveCfg = Debug|Any CPU
		{37387856-1705-4D83-88DC-B1C66BFA1AE1}.Debug|iPhone.Build.0 = Debug|Any CPU
		{37387856-1705-4D83-88DC-B1C66BFA1AE1}.Debug|iPhoneSimulator.ActiveCfg = Debug|Any CPU
		{37387856-1705-4D83-88DC-B1C66BFA1AE1}.Debug|iPhoneSimulator.Build.0 = Debug|Any CPU
		{37387856-1705-4D83-88DC-B1C66BFA1AE1}.Release|Any CPU.ActiveCfg = Release|Any CPU
		{37387856-1705-4D83-88DC-B1C66BFA1AE1}.Release|Any CPU.Build.0 = Release|Any CPU
		{37387856-1705-4D83-88DC-B1C66BFA1AE1}.Release|iPhone.ActiveCfg = Release|Any CPU
		{37387856-1705-4D83-88DC-B1C66BFA1AE1}.Release|iPhone.Build.0 = Release|Any CPU
		{37387856-1705-4D83-88DC-B1C66BFA1AE1}.Release|iPhoneSimulator.ActiveCfg = Release|Any CPU
		{37387856-1705-4D83-88DC-B1C66BFA1AE1}.Release|iPhoneSimulator.Build.0 = Release|Any CPU
		{068E6424-20EB-4BB2-A477-6ED271743A6F}.Ad-Hoc|Any CPU.ActiveCfg = Release|Any CPU
		{068E6424-20EB-4BB2-A477-6ED271743A6F}.Ad-Hoc|Any CPU.Build.0 = Release|Any CPU
		{068E6424-20EB-4BB2-A477-6ED271743A6F}.Ad-Hoc|Any CPU.Deploy.0 = Release|Any CPU
		{068E6424-20EB-4BB2-A477-6ED271743A6F}.Ad-Hoc|iPhone.ActiveCfg = Release|Any CPU
		{068E6424-20EB-4BB2-A477-6ED271743A6F}.Ad-Hoc|iPhone.Build.0 = Release|Any CPU
		{068E6424-20EB-4BB2-A477-6ED271743A6F}.Ad-Hoc|iPhone.Deploy.0 = Release|Any CPU
		{068E6424-20EB-4BB2-A477-6ED271743A6F}.Ad-Hoc|iPhoneSimulator.ActiveCfg = Release|Any CPU
		{068E6424-20EB-4BB2-A477-6ED271743A6F}.Ad-Hoc|iPhoneSimulator.Build.0 = Release|Any CPU
		{068E6424-20EB-4BB2-A477-6ED271743A6F}.Ad-Hoc|iPhoneSimulator.Deploy.0 = Release|Any CPU
		{068E6424-20EB-4BB2-A477-6ED271743A6F}.AppStore|Any CPU.ActiveCfg = Release|Any CPU
		{068E6424-20EB-4BB2-A477-6ED271743A6F}.AppStore|Any CPU.Build.0 = Release|Any CPU
		{068E6424-20EB-4BB2-A477-6ED271743A6F}.AppStore|Any CPU.Deploy.0 = Release|Any CPU
		{068E6424-20EB-4BB2-A477-6ED271743A6F}.AppStore|iPhone.ActiveCfg = Release|Any CPU
		{068E6424-20EB-4BB2-A477-6ED271743A6F}.AppStore|iPhone.Build.0 = Release|Any CPU
		{068E6424-20EB-4BB2-A477-6ED271743A6F}.AppStore|iPhone.Deploy.0 = Release|Any CPU
		{068E6424-20EB-4BB2-A477-6ED271743A6F}.AppStore|iPhoneSimulator.ActiveCfg = Release|Any CPU
		{068E6424-20EB-4BB2-A477-6ED271743A6F}.AppStore|iPhoneSimulator.Build.0 = Release|Any CPU
		{068E6424-20EB-4BB2-A477-6ED271743A6F}.AppStore|iPhoneSimulator.Deploy.0 = Release|Any CPU
		{068E6424-20EB-4BB2-A477-6ED271743A6F}.Debug|Any CPU.ActiveCfg = Debug|Any CPU
		{068E6424-20EB-4BB2-A477-6ED271743A6F}.Debug|Any CPU.Build.0 = Debug|Any CPU
		{068E6424-20EB-4BB2-A477-6ED271743A6F}.Debug|Any CPU.Deploy.0 = Debug|Any CPU
		{068E6424-20EB-4BB2-A477-6ED271743A6F}.Debug|iPhone.ActiveCfg = Debug|Any CPU
		{068E6424-20EB-4BB2-A477-6ED271743A6F}.Debug|iPhone.Build.0 = Debug|Any CPU
		{068E6424-20EB-4BB2-A477-6ED271743A6F}.Debug|iPhone.Deploy.0 = Debug|Any CPU
		{068E6424-20EB-4BB2-A477-6ED271743A6F}.Debug|iPhoneSimulator.ActiveCfg = Debug|Any CPU
		{068E6424-20EB-4BB2-A477-6ED271743A6F}.Debug|iPhoneSimulator.Build.0 = Debug|Any CPU
		{068E6424-20EB-4BB2-A477-6ED271743A6F}.Debug|iPhoneSimulator.Deploy.0 = Debug|Any CPU
		{068E6424-20EB-4BB2-A477-6ED271743A6F}.Release|Any CPU.ActiveCfg = Release|Any CPU
		{068E6424-20EB-4BB2-A477-6ED271743A6F}.Release|Any CPU.Build.0 = Release|Any CPU
		{068E6424-20EB-4BB2-A477-6ED271743A6F}.Release|Any CPU.Deploy.0 = Release|Any CPU
		{068E6424-20EB-4BB2-A477-6ED271743A6F}.Release|iPhone.ActiveCfg = Release|Any CPU
		{068E6424-20EB-4BB2-A477-6ED271743A6F}.Release|iPhone.Build.0 = Release|Any CPU
		{068E6424-20EB-4BB2-A477-6ED271743A6F}.Release|iPhone.Deploy.0 = Release|Any CPU
		{068E6424-20EB-4BB2-A477-6ED271743A6F}.Release|iPhoneSimulator.ActiveCfg = Release|Any CPU
		{068E6424-20EB-4BB2-A477-6ED271743A6F}.Release|iPhoneSimulator.Build.0 = Release|Any CPU
		{068E6424-20EB-4BB2-A477-6ED271743A6F}.Release|iPhoneSimulator.Deploy.0 = Release|Any CPU
		{65E7AC30-DA93-426A-8CCE-13C730FDFA1F}.Ad-Hoc|Any CPU.ActiveCfg = Ad-Hoc|iPhone
		{65E7AC30-DA93-426A-8CCE-13C730FDFA1F}.Ad-Hoc|iPhone.ActiveCfg = Ad-Hoc|iPhone
		{65E7AC30-DA93-426A-8CCE-13C730FDFA1F}.Ad-Hoc|iPhone.Build.0 = Ad-Hoc|iPhone
		{65E7AC30-DA93-426A-8CCE-13C730FDFA1F}.Ad-Hoc|iPhoneSimulator.ActiveCfg = Ad-Hoc|iPhoneSimulator
		{65E7AC30-DA93-426A-8CCE-13C730FDFA1F}.Ad-Hoc|iPhoneSimulator.Build.0 = Ad-Hoc|iPhoneSimulator
		{65E7AC30-DA93-426A-8CCE-13C730FDFA1F}.AppStore|Any CPU.ActiveCfg = AppStore|iPhone
		{65E7AC30-DA93-426A-8CCE-13C730FDFA1F}.AppStore|iPhone.ActiveCfg = AppStore|iPhone
		{65E7AC30-DA93-426A-8CCE-13C730FDFA1F}.AppStore|iPhone.Build.0 = AppStore|iPhone
		{65E7AC30-DA93-426A-8CCE-13C730FDFA1F}.AppStore|iPhoneSimulator.ActiveCfg = AppStore|iPhoneSimulator
		{65E7AC30-DA93-426A-8CCE-13C730FDFA1F}.AppStore|iPhoneSimulator.Build.0 = AppStore|iPhoneSimulator
		{65E7AC30-DA93-426A-8CCE-13C730FDFA1F}.Debug|Any CPU.ActiveCfg = Debug|iPhone
		{65E7AC30-DA93-426A-8CCE-13C730FDFA1F}.Debug|iPhone.ActiveCfg = Debug|iPhone
		{65E7AC30-DA93-426A-8CCE-13C730FDFA1F}.Debug|iPhone.Build.0 = Debug|iPhone
		{65E7AC30-DA93-426A-8CCE-13C730FDFA1F}.Debug|iPhoneSimulator.ActiveCfg = Debug|iPhoneSimulator
		{65E7AC30-DA93-426A-8CCE-13C730FDFA1F}.Debug|iPhoneSimulator.Build.0 = Debug|iPhoneSimulator
		{65E7AC30-DA93-426A-8CCE-13C730FDFA1F}.Release|Any CPU.ActiveCfg = Release|iPhone
		{65E7AC30-DA93-426A-8CCE-13C730FDFA1F}.Release|iPhone.ActiveCfg = Release|iPhone
		{65E7AC30-DA93-426A-8CCE-13C730FDFA1F}.Release|iPhone.Build.0 = Release|iPhone
		{65E7AC30-DA93-426A-8CCE-13C730FDFA1F}.Release|iPhoneSimulator.ActiveCfg = Release|iPhoneSimulator
		{65E7AC30-DA93-426A-8CCE-13C730FDFA1F}.Release|iPhoneSimulator.Build.0 = Release|iPhoneSimulator
	EndGlobalSection
	GlobalSection(SolutionProperties) = preSolution
		HideSolutionNode = FALSE
	EndGlobalSection
	GlobalSection(ExtensibilityGlobals) = postSolution
		SolutionGuid = {DF56F1E5-509F-4C99-AF78-89E2C9727AD2}
	EndGlobalSection
EndGlobal
